
Microsoft Visual Studio Solution File, Format Version 12.00
# Visual Studio Version 17
VisualStudioVersion = 17.2.32616.157
MinimumVisualStudioVersion = 10.0.40219.1
Project("{9A19103F-16F7-4668-BE54-9A1E7A4F7556}") = "Diamond.Api", "Diamond.Api\Diamond.Api.csproj", "{10FC6F05-FE73-4149-8BF1-55710D53F71D}"
EndProject
Project("{9A19103F-16F7-4668-BE54-9A1E7A4F7556}") = "Diamond.Domain", "Diamond.Domain\Diamond.Domain.csproj", "{06FD3D15-468D-4662-975A-12234E025759}"
EndProject
Project("{9A19103F-16F7-4668-BE54-9A1E7A4F7556}") = "Diamond.Persistance", "Diamond.Persistance\Diamond.Persistance.csproj", "{FC22219C-CA52-46E2-8246-0E5DDA6157EE}"
EndProject
Project("{9A19103F-16F7-4668-BE54-9A1E7A4F7556}") = "Diamond.Services", "Diamond.Services\Diamond.Services.csproj", "{8F24B207-CAB8-4AE6-8E11-919881E2FFD3}"
EndProject
Project("{9A19103F-16F7-4668-BE54-9A1E7A4F7556}") = "Diamond.Admin.Api", "Diamond.Admin.Api\Diamond.Admin.Api.csproj", "{00D37D80-C43A-4462-85FA-9CA68C15BB81}"
EndProject
Project("{2150E333-8FDC-42A3-9474-1A3956D46DE8}") = "Common", "Common", "{B63B4063-9618-44BE-9161-EEF3E6106E74}"
EndProject
Project("{9A19103F-16F7-4668-BE54-9A1E7A4F7556}") = "Diamond.Jobs", "Diamond.Job\Diamond.Jobs.csproj", "{B354979C-3FAC-4B18-B17C-8699E84AFE9A}"
EndProject
Project("{9A19103F-16F7-4668-BE54-9A1E7A4F7556}") = "Diamond.Utils", "Diamond.Utils\Diamond.Utils.csproj", "{590EEA91-8BFE-4F85-BDE9-3DC048C43659}"
EndProject
Project("{9A19103F-16F7-4668-BE54-9A1E7A4F7556}") = "Diamond.Infrastructure", "Diamond.Infrastructure\Diamond.Infrastructure.csproj", "{5F5FB353-BAFC-49E4-842C-9E6B80B6F449}"
EndProject
Global
	GlobalSection(SolutionConfigurationPlatforms) = preSolution
		Debug|Any CPU = Debug|Any CPU
		Release|Any CPU = Release|Any CPU
	EndGlobalSection
	GlobalSection(ProjectConfigurationPlatforms) = postSolution
		{10FC6F05-FE73-4149-8BF1-55710D53F71D}.Debug|Any CPU.ActiveCfg = Debug|Any CPU
		{10FC6F05-FE73-4149-8BF1-55710D53F71D}.Debug|Any CPU.Build.0 = Debug|Any CPU
		{10FC6F05-FE73-4149-8BF1-55710D53F71D}.Release|Any CPU.ActiveCfg = Release|Any CPU
		{10FC6F05-FE73-4149-8BF1-55710D53F71D}.Release|Any CPU.Build.0 = Release|Any CPU
		{06FD3D15-468D-4662-975A-12234E025759}.Debug|Any CPU.ActiveCfg = Debug|Any CPU
		{06FD3D15-468D-4662-975A-12234E025759}.Debug|Any CPU.Build.0 = Debug|Any CPU
		{06FD3D15-468D-4662-975A-12234E025759}.Release|Any CPU.ActiveCfg = Release|Any CPU
		{06FD3D15-468D-4662-975A-12234E025759}.Release|Any CPU.Build.0 = Release|Any CPU
		{FC22219C-CA52-46E2-8246-0E5DDA6157EE}.Debug|Any CPU.ActiveCfg = Debug|Any CPU
		{FC22219C-CA52-46E2-8246-0E5DDA6157EE}.Debug|Any CPU.Build.0 = Debug|Any CPU
		{FC22219C-CA52-46E2-8246-0E5DDA6157EE}.Release|Any CPU.ActiveCfg = Release|Any CPU
		{FC22219C-CA52-46E2-8246-0E5DDA6157EE}.Release|Any CPU.Build.0 = Release|Any CPU
		{8F24B207-CAB8-4AE6-8E11-919881E2FFD3}.Debug|Any CPU.ActiveCfg = Debug|Any CPU
		{8F24B207-CAB8-4AE6-8E11-919881E2FFD3}.Debug|Any CPU.Build.0 = Debug|Any CPU
		{8F24B207-CAB8-4AE6-8E11-919881E2FFD3}.Release|Any CPU.ActiveCfg = Release|Any CPU
		{8F24B207-CAB8-4AE6-8E11-919881E2FFD3}.Release|Any CPU.Build.0 = Release|Any CPU
		{00D37D80-C43A-4462-85FA-9CA68C15BB81}.Debug|Any CPU.ActiveCfg = Debug|Any CPU
		{00D37D80-C43A-4462-85FA-9CA68C15BB81}.Debug|Any CPU.Build.0 = Debug|Any CPU
		{00D37D80-C43A-4462-85FA-9CA68C15BB81}.Release|Any CPU.ActiveCfg = Release|Any CPU
		{00D37D80-C43A-4462-85FA-9CA68C15BB81}.Release|Any CPU.Build.0 = Release|Any CPU
		{B354979C-3FAC-4B18-B17C-8699E84AFE9A}.Debug|Any CPU.ActiveCfg = Debug|Any CPU
		{B354979C-3FAC-4B18-B17C-8699E84AFE9A}.Debug|Any CPU.Build.0 = Debug|Any CPU
		{B354979C-3FAC-4B18-B17C-8699E84AFE9A}.Release|Any CPU.ActiveCfg = Release|Any CPU
		{B354979C-3FAC-4B18-B17C-8699E84AFE9A}.Release|Any CPU.Build.0 = Release|Any CPU
		{590EEA91-8BFE-4F85-BDE9-3DC048C43659}.Debug|Any CPU.ActiveCfg = Debug|Any CPU
		{590EEA91-8BFE-4F85-BDE9-3DC048C43659}.Debug|Any CPU.Build.0 = Debug|Any CPU
		{590EEA91-8BFE-4F85-BDE9-3DC048C43659}.Release|Any CPU.ActiveCfg = Release|Any CPU
		{590EEA91-8BFE-4F85-BDE9-3DC048C43659}.Release|Any CPU.Build.0 = Release|Any CPU
		{5F5FB353-BAFC-49E4-842C-9E6B80B6F449}.Debug|Any CPU.ActiveCfg = Debug|Any CPU
		{5F5FB353-BAFC-49E4-842C-9E6B80B6F449}.Debug|Any CPU.Build.0 = Debug|Any CPU
		{5F5FB353-BAFC-49E4-842C-9E6B80B6F449}.Release|Any CPU.ActiveCfg = Release|Any CPU
		{5F5FB353-BAFC-49E4-842C-9E6B80B6F449}.Release|Any CPU.Build.0 = Release|Any CPU
	EndGlobalSection
	GlobalSection(SolutionProperties) = preSolution
		HideSolutionNode = FALSE
	EndGlobalSection
	GlobalSection(NestedProjects) = preSolution
		{B354979C-3FAC-4B18-B17C-8699E84AFE9A} = {B63B4063-9618-44BE-9161-EEF3E6106E74}
		{590EEA91-8BFE-4F85-BDE9-3DC048C43659} = {B63B4063-9618-44BE-9161-EEF3E6106E74}
		{5F5FB353-BAFC-49E4-842C-9E6B80B6F449} = {B63B4063-9618-44BE-9161-EEF3E6106E74}
	EndGlobalSection
	GlobalSection(ExtensibilityGlobals) = postSolution
		SolutionGuid = {2AA8E7F5-F709-4314-86BE-129298AAF8FE}
	EndGlobalSection
EndGlobal
